
Microsoft Visual Studio Solution File, Format Version 12.00
# Visual Studio 2012
Project("{FAE04EC0-301F-11D3-BF4B-00C04F79EFBC}") = "iPadPhone", "iPadPhone\iPadPhone.csproj", "{5CB37F95-00DA-4BB4-80CE-4E629909D585}"
EndProject
Global
	GlobalSection(SolutionConfigurationPlatforms) = preSolution
		Debug|iPhoneSimulator = Debug|iPhoneSimulator
		Release|iPhoneSimulator = Release|iPhoneSimulator
		Debug|iPhone = Debug|iPhone
		Release|iPhone = Release|iPhone
		Ad-Hoc|iPhone = Ad-Hoc|iPhone
		AppStore|iPhone = AppStore|iPhone
	EndGlobalSection
	GlobalSection(ProjectConfigurationPlatforms) = postSolution
		{5CB37F95-00DA-4BB4-80CE-4E629909D585}.Ad-Hoc|iPhone.ActiveCfg = Ad-Hoc|iPhone
		{5CB37F95-00DA-4BB4-80CE-4E629909D585}.Ad-Hoc|iPhone.Build.0 = Ad-Hoc|iPhone
		{5CB37F95-00DA-4BB4-80CE-4E629909D585}.AppStore|iPhone.ActiveCfg = AppStore|iPhone
		{5CB37F95-00DA-4BB4-80CE-4E629909D585}.AppStore|iPhone.Build.0 = AppStore|iPhone
		{5CB37F95-00DA-4BB4-80CE-4E629909D585}.Debug|iPhone.ActiveCfg = Debug|iPhone
		{5CB37F95-00DA-4BB4-80CE-4E629909D585}.Debug|iPhone.Build.0 = Debug|iPhone
		{5CB37F95-00DA-4BB4-80CE-4E629909D585}.Debug|iPhoneSimulator.ActiveCfg = Debug|iPhoneSimulator
		{5CB37F95-00DA-4BB4-80CE-4E629909D585}.Debug|iPhoneSimulator.Build.0 = Debug|iPhoneSimulator
		{5CB37F95-00DA-4BB4-80CE-4E629909D585}.Release|iPhone.ActiveCfg = Release|iPhone
		{5CB37F95-00DA-4BB4-80CE-4E629909D585}.Release|iPhone.Build.0 = Release|iPhone
		{5CB37F95-00DA-4BB4-80CE-4E629909D585}.Release|iPhoneSimulator.ActiveCfg = Release|iPhoneSimulator
		{5CB37F95-00DA-4BB4-80CE-4E629909D585}.Release|iPhoneSimulator.Build.0 = Release|iPhoneSimulator
	EndGlobalSection
	GlobalSection(MonoDevelopProperties) = preSolution
		StartupItem = iPadPhone\iPadPhone.csproj
	EndGlobalSection
EndGlobal
